
Microsoft Visual Studio Solution File, Format Version 12.00
# Visual Studio Version 17
VisualStudioVersion = 17.4.33213.308
MinimumVisualStudioVersion = 10.0.40219.1
Project("{9A19103F-16F7-4668-BE54-9A1E7A4F7556}") = "FactoryMethod", "FactoryMethod\FactoryMethod.csproj", "{2B3E480D-BDD6-4E15-AD7C-C80E21C06702}"
EndProject
Project("{FAE04EC0-301F-11D3-BF4B-00C04F79EFBC}") = "AbstractFactory", "AbstractFactory\AbstractFactory.csproj", "{551B4FC5-9864-435B-BAB2-A7602F69CB3E}"
EndProject
Global
	GlobalSection(SolutionConfigurationPlatforms) = preSolution
		Debug|Any CPU = Debug|Any CPU
		Release|Any CPU = Release|Any CPU
	EndGlobalSection
	GlobalSection(ProjectConfigurationPlatforms) = postSolution
		{2B3E480D-BDD6-4E15-AD7C-C80E21C06702}.Debug|Any CPU.ActiveCfg = Debug|Any CPU
		{2B3E480D-BDD6-4E15-AD7C-C80E21C06702}.Debug|Any CPU.Build.0 = Debug|Any CPU
		{2B3E480D-BDD6-4E15-AD7C-C80E21C06702}.Release|Any CPU.ActiveCfg = Release|Any CPU
		{2B3E480D-BDD6-4E15-AD7C-C80E21C06702}.Release|Any CPU.Build.0 = Release|Any CPU
		{551B4FC5-9864-435B-BAB2-A7602F69CB3E}.Debug|Any CPU.ActiveCfg = Debug|Any CPU
		{551B4FC5-9864-435B-BAB2-A7602F69CB3E}.Debug|Any CPU.Build.0 = Debug|Any CPU
		{551B4FC5-9864-435B-BAB2-A7602F69CB3E}.Release|Any CPU.ActiveCfg = Release|Any CPU
		{551B4FC5-9864-435B-BAB2-A7602F69CB3E}.Release|Any CPU.Build.0 = Release|Any CPU
	EndGlobalSection
	GlobalSection(SolutionProperties) = preSolution
		HideSolutionNode = FALSE
	EndGlobalSection
	GlobalSection(ExtensibilityGlobals) = postSolution
		SolutionGuid = {09514584-0824-4E72-A588-259BE426260A}
	EndGlobalSection
EndGlobal
